// !$*UTF8*$!
{
	archiveVersion = 1;
	classes = {
	};
	objectVersion = 46;
	objects = {

/* Begin PBXBuildFile section */
		078DE40B19550576CDA3339B /* Pods_TestSwaggerTests.framework in Frameworks */ = {isa = PBXBuildFile; fileRef = FF247D166F409E2EE39E2878 /* Pods_TestSwaggerTests.framework */; };
		0AFFECED1DFE256100D4409C /* TestSwagger.framework in Frameworks */ = {isa = PBXBuildFile; fileRef = 0AFFECE31DFE256100D4409C /* TestSwagger.framework */; };
		0AFFECF41DFE256100D4409C /* TestSwagger.h in Headers */ = {isa = PBXBuildFile; fileRef = 0AFFECE61DFE256100D4409C /* TestSwagger.h */; settings = {ATTRIBUTES = (Public, ); }; };
		0AFFECFF1DFE262100D4409C /* SpyablePersistedEvidenceTests.swift in Sources */ = {isa = PBXBuildFile; fileRef = 0AFFECFE1DFE262100D4409C /* SpyablePersistedEvidenceTests.swift */; };
		0AFFED021DFE269300D4409C /* SampleEvidence.swift in Sources */ = {isa = PBXBuildFile; fileRef = 0AFFED011DFE269300D4409C /* SampleEvidence.swift */; };
		0AFFED041DFE277200D4409C /* SampleSpyable.swift in Sources */ = {isa = PBXBuildFile; fileRef = 0AFFED031DFE277200D4409C /* SampleSpyable.swift */; };
		0AFFED061DFE2C1B00D4409C /* Spyable.swift in Sources */ = {isa = PBXBuildFile; fileRef = 0AFFED051DFE2C1B00D4409C /* Spyable.swift */; };
		0AFFED081DFE2CDF00D4409C /* Evidence.swift in Sources */ = {isa = PBXBuildFile; fileRef = 0AFFED071DFE2CDF00D4409C /* Evidence.swift */; };
		D031752BAD40C88EE9ED527D /* Pods_TestSwagger.framework in Frameworks */ = {isa = PBXBuildFile; fileRef = 90CA66031BD775022E8ECCA3 /* Pods_TestSwagger.framework */; };
/* End PBXBuildFile section */

/* Begin PBXContainerItemProxy section */
		0AFFECEE1DFE256100D4409C /* PBXContainerItemProxy */ = {
			isa = PBXContainerItemProxy;
			containerPortal = 0AFFECDA1DFE256100D4409C /* Project object */;
			proxyType = 1;
			remoteGlobalIDString = 0AFFECE21DFE256100D4409C;
			remoteInfo = TestSwagger;
		};
/* End PBXContainerItemProxy section */

/* Begin PBXFileReference section */
		0AFFECE31DFE256100D4409C /* TestSwagger.framework */ = {isa = PBXFileReference; explicitFileType = wrapper.framework; includeInIndex = 0; path = TestSwagger.framework; sourceTree = BUILT_PRODUCTS_DIR; };
		0AFFECE61DFE256100D4409C /* TestSwagger.h */ = {isa = PBXFileReference; lastKnownFileType = sourcecode.c.h; path = TestSwagger.h; sourceTree = "<group>"; };
		0AFFECE71DFE256100D4409C /* Info.plist */ = {isa = PBXFileReference; lastKnownFileType = text.plist.xml; path = Info.plist; sourceTree = "<group>"; };
		0AFFECEC1DFE256100D4409C /* TestSwaggerTests.xctest */ = {isa = PBXFileReference; explicitFileType = wrapper.cfbundle; includeInIndex = 0; path = TestSwaggerTests.xctest; sourceTree = BUILT_PRODUCTS_DIR; };
		0AFFECF31DFE256100D4409C /* Info.plist */ = {isa = PBXFileReference; lastKnownFileType = text.plist.xml; path = Info.plist; sourceTree = "<group>"; };
		0AFFECFE1DFE262100D4409C /* SpyablePersistedEvidenceTests.swift */ = {isa = PBXFileReference; fileEncoding = 4; lastKnownFileType = sourcecode.swift; path = SpyablePersistedEvidenceTests.swift; sourceTree = "<group>"; };
		0AFFED011DFE269300D4409C /* SampleEvidence.swift */ = {isa = PBXFileReference; fileEncoding = 4; lastKnownFileType = sourcecode.swift; path = SampleEvidence.swift; sourceTree = "<group>"; };
		0AFFED031DFE277200D4409C /* SampleSpyable.swift */ = {isa = PBXFileReference; fileEncoding = 4; lastKnownFileType = sourcecode.swift; path = SampleSpyable.swift; sourceTree = "<group>"; };
		0AFFED051DFE2C1B00D4409C /* Spyable.swift */ = {isa = PBXFileReference; fileEncoding = 4; lastKnownFileType = sourcecode.swift; path = Spyable.swift; sourceTree = "<group>"; };
		0AFFED071DFE2CDF00D4409C /* Evidence.swift */ = {isa = PBXFileReference; fileEncoding = 4; lastKnownFileType = sourcecode.swift; path = Evidence.swift; sourceTree = "<group>"; };
		363BEA2DF5F25E8123A4FF62 /* Pods-TestSwaggerTests.release.xcconfig */ = {isa = PBXFileReference; includeInIndex = 1; lastKnownFileType = text.xcconfig; name = "Pods-TestSwaggerTests.release.xcconfig"; path = "Pods/Target Support Files/Pods-TestSwaggerTests/Pods-TestSwaggerTests.release.xcconfig"; sourceTree = "<group>"; };
		5C492A81E67FD0E706DB1EB7 /* Pods-TestSwagger.debug.xcconfig */ = {isa = PBXFileReference; includeInIndex = 1; lastKnownFileType = text.xcconfig; name = "Pods-TestSwagger.debug.xcconfig"; path = "Pods/Target Support Files/Pods-TestSwagger/Pods-TestSwagger.debug.xcconfig"; sourceTree = "<group>"; };
		90CA66031BD775022E8ECCA3 /* Pods_TestSwagger.framework */ = {isa = PBXFileReference; explicitFileType = wrapper.framework; includeInIndex = 0; path = Pods_TestSwagger.framework; sourceTree = BUILT_PRODUCTS_DIR; };
		9E0F95615598ADD59B3B9794 /* Pods-TestSwaggerTests.debug.xcconfig */ = {isa = PBXFileReference; includeInIndex = 1; lastKnownFileType = text.xcconfig; name = "Pods-TestSwaggerTests.debug.xcconfig"; path = "Pods/Target Support Files/Pods-TestSwaggerTests/Pods-TestSwaggerTests.debug.xcconfig"; sourceTree = "<group>"; };
		E19EF86EE226C78CF15ACE86 /* Pods-TestSwagger.release.xcconfig */ = {isa = PBXFileReference; includeInIndex = 1; lastKnownFileType = text.xcconfig; name = "Pods-TestSwagger.release.xcconfig"; path = "Pods/Target Support Files/Pods-TestSwagger/Pods-TestSwagger.release.xcconfig"; sourceTree = "<group>"; };
		FF247D166F409E2EE39E2878 /* Pods_TestSwaggerTests.framework */ = {isa = PBXFileReference; explicitFileType = wrapper.framework; includeInIndex = 0; path = Pods_TestSwaggerTests.framework; sourceTree = BUILT_PRODUCTS_DIR; };
/* End PBXFileReference section */

/* Begin PBXFrameworksBuildPhase section */
		0AFFECDF1DFE256100D4409C /* Frameworks */ = {
			isa = PBXFrameworksBuildPhase;
			buildActionMask = 2147483647;
			files = (
				D031752BAD40C88EE9ED527D /* Pods_TestSwagger.framework in Frameworks */,
			);
			runOnlyForDeploymentPostprocessing = 0;
		};
		0AFFECE91DFE256100D4409C /* Frameworks */ = {
			isa = PBXFrameworksBuildPhase;
			buildActionMask = 2147483647;
			files = (
				0AFFECED1DFE256100D4409C /* TestSwagger.framework in Frameworks */,
				078DE40B19550576CDA3339B /* Pods_TestSwaggerTests.framework in Frameworks */,
			);
			runOnlyForDeploymentPostprocessing = 0;
		};
/* End PBXFrameworksBuildPhase section */

/* Begin PBXGroup section */
		0AFFECD91DFE256100D4409C = {
			isa = PBXGroup;
			children = (
				0AFFECE51DFE256100D4409C /* TestSwagger */,
				0AFFECF01DFE256100D4409C /* TestSwaggerTests */,
				0AFFECE41DFE256100D4409C /* Products */,
				A59CADE2FC6FF6033B6414A3 /* Pods */,
				1B8EAF7D5626D52BECCC34C4 /* Frameworks */,
			);
			sourceTree = "<group>";
		};
		0AFFECE41DFE256100D4409C /* Products */ = {
			isa = PBXGroup;
			children = (
				0AFFECE31DFE256100D4409C /* TestSwagger.framework */,
				0AFFECEC1DFE256100D4409C /* TestSwaggerTests.xctest */,
			);
			name = Products;
			sourceTree = "<group>";
		};
		0AFFECE51DFE256100D4409C /* TestSwagger */ = {
			isa = PBXGroup;
			children = (
				0AFFED071DFE2CDF00D4409C /* Evidence.swift */,
				0AFFECE71DFE256100D4409C /* Info.plist */,
				0AFFED051DFE2C1B00D4409C /* Spyable.swift */,
				0AFFECE61DFE256100D4409C /* TestSwagger.h */,
			);
			path = TestSwagger;
			sourceTree = "<group>";
		};
		0AFFECF01DFE256100D4409C /* TestSwaggerTests */ = {
			isa = PBXGroup;
			children = (
				0AFFECF31DFE256100D4409C /* Info.plist */,
				0AFFECFD1DFE25FC00D4409C /* Tests */,
				0AFFED001DFE268200D4409C /* Tools */,
			);
			path = TestSwaggerTests;
			sourceTree = "<group>";
		};
		0AFFECFD1DFE25FC00D4409C /* Tests */ = {
			isa = PBXGroup;
			children = (
				0AFFECFE1DFE262100D4409C /* SpyablePersistedEvidenceTests.swift */,
			);
			path = Tests;
			sourceTree = "<group>";
		};
		0AFFED001DFE268200D4409C /* Tools */ = {
			isa = PBXGroup;
			children = (
				0AFFED011DFE269300D4409C /* SampleEvidence.swift */,
				0AFFED031DFE277200D4409C /* SampleSpyable.swift */,
			);
			path = Tools;
			sourceTree = "<group>";
		};
		1B8EAF7D5626D52BECCC34C4 /* Frameworks */ = {
			isa = PBXGroup;
			children = (
				90CA66031BD775022E8ECCA3 /* Pods_TestSwagger.framework */,
				FF247D166F409E2EE39E2878 /* Pods_TestSwaggerTests.framework */,
			);
			name = Frameworks;
			sourceTree = "<group>";
		};
		A59CADE2FC6FF6033B6414A3 /* Pods */ = {
			isa = PBXGroup;
			children = (
				5C492A81E67FD0E706DB1EB7 /* Pods-TestSwagger.debug.xcconfig */,
				E19EF86EE226C78CF15ACE86 /* Pods-TestSwagger.release.xcconfig */,
				9E0F95615598ADD59B3B9794 /* Pods-TestSwaggerTests.debug.xcconfig */,
				363BEA2DF5F25E8123A4FF62 /* Pods-TestSwaggerTests.release.xcconfig */,
			);
			name = Pods;
			sourceTree = "<group>";
		};
/* End PBXGroup section */

/* Begin PBXHeadersBuildPhase section */
		0AFFECE01DFE256100D4409C /* Headers */ = {
			isa = PBXHeadersBuildPhase;
			buildActionMask = 2147483647;
			files = (
				0AFFECF41DFE256100D4409C /* TestSwagger.h in Headers */,
			);
			runOnlyForDeploymentPostprocessing = 0;
		};
/* End PBXHeadersBuildPhase section */

/* Begin PBXNativeTarget section */
		0AFFECE21DFE256100D4409C /* TestSwagger */ = {
			isa = PBXNativeTarget;
			buildConfigurationList = 0AFFECF71DFE256100D4409C /* Build configuration list for PBXNativeTarget "TestSwagger" */;
			buildPhases = (
				5F4AC6652E77712384336BDC /* [CP] Check Pods Manifest.lock */,
				0AFFECDE1DFE256100D4409C /* Sources */,
				0AFFECDF1DFE256100D4409C /* Frameworks */,
				0AFFECE01DFE256100D4409C /* Headers */,
				0AFFECE11DFE256100D4409C /* Resources */,
				9391CF2506B960A313A7AAC5 /* [CP] Copy Pods Resources */,
			);
			buildRules = (
			);
			dependencies = (
			);
			name = TestSwagger;
			productName = TestSwagger;
			productReference = 0AFFECE31DFE256100D4409C /* TestSwagger.framework */;
			productType = "com.apple.product-type.framework";
		};
		0AFFECEB1DFE256100D4409C /* TestSwaggerTests */ = {
			isa = PBXNativeTarget;
			buildConfigurationList = 0AFFECFA1DFE256100D4409C /* Build configuration list for PBXNativeTarget "TestSwaggerTests" */;
			buildPhases = (
				39A5426A33BEDFB79B94EE16 /* [CP] Check Pods Manifest.lock */,
				0AFFECE81DFE256100D4409C /* Sources */,
				0AFFECE91DFE256100D4409C /* Frameworks */,
				0AFFECEA1DFE256100D4409C /* Resources */,
				3AD52C1C8143651EBEE62204 /* [CP] Embed Pods Frameworks */,
				89390720D792992A8F4D380E /* [CP] Copy Pods Resources */,
			);
			buildRules = (
			);
			dependencies = (
				0AFFECEF1DFE256100D4409C /* PBXTargetDependency */,
			);
			name = TestSwaggerTests;
			productName = TestSwaggerTests;
			productReference = 0AFFECEC1DFE256100D4409C /* TestSwaggerTests.xctest */;
			productType = "com.apple.product-type.bundle.unit-test";
		};
/* End PBXNativeTarget section */

/* Begin PBXProject section */
		0AFFECDA1DFE256100D4409C /* Project object */ = {
			isa = PBXProject;
			attributes = {
				LastSwiftUpdateCheck = 0820;
				LastUpgradeCheck = 0820;
				ORGANIZATIONNAME = "Swagger Soft";
				TargetAttributes = {
					0AFFECE21DFE256100D4409C = {
						CreatedOnToolsVersion = 8.2;
						DevelopmentTeam = QW3T4F66DC;
						LastSwiftMigration = 0820;
						ProvisioningStyle = Automatic;
					};
					0AFFECEB1DFE256100D4409C = {
						CreatedOnToolsVersion = 8.2;
						DevelopmentTeam = QW3T4F66DC;
						LastSwiftMigration = 0820;
						ProvisioningStyle = Automatic;
					};
				};
			};
			buildConfigurationList = 0AFFECDD1DFE256100D4409C /* Build configuration list for PBXProject "TestSwagger" */;
			compatibilityVersion = "Xcode 3.2";
			developmentRegion = English;
			hasScannedForEncodings = 0;
			knownRegions = (
				en,
			);
			mainGroup = 0AFFECD91DFE256100D4409C;
			productRefGroup = 0AFFECE41DFE256100D4409C /* Products */;
			projectDirPath = "";
			projectRoot = "";
			targets = (
				0AFFECE21DFE256100D4409C /* TestSwagger */,
				0AFFECEB1DFE256100D4409C /* TestSwaggerTests */,
			);
		};
/* End PBXProject section */

/* Begin PBXResourcesBuildPhase section */
		0AFFECE11DFE256100D4409C /* Resources */ = {
			isa = PBXResourcesBuildPhase;
			buildActionMask = 2147483647;
			files = (
			);
			runOnlyForDeploymentPostprocessing = 0;
		};
		0AFFECEA1DFE256100D4409C /* Resources */ = {
			isa = PBXResourcesBuildPhase;
			buildActionMask = 2147483647;
			files = (
			);
			runOnlyForDeploymentPostprocessing = 0;
		};
/* End PBXResourcesBuildPhase section */

/* Begin PBXShellScriptBuildPhase section */
		39A5426A33BEDFB79B94EE16 /* [CP] Check Pods Manifest.lock */ = {
			isa = PBXShellScriptBuildPhase;
			buildActionMask = 2147483647;
			files = (
			);
			inputPaths = (
			);
			name = "[CP] Check Pods Manifest.lock";
			outputPaths = (
			);
			runOnlyForDeploymentPostprocessing = 0;
			shellPath = /bin/sh;
			shellScript = "diff \"${PODS_ROOT}/../Podfile.lock\" \"${PODS_ROOT}/Manifest.lock\" > /dev/null\nif [ $? != 0 ] ; then\n    # print error to STDERR\n    echo \"error: The sandbox is not in sync with the Podfile.lock. Run 'pod install' or update your CocoaPods installation.\" >&2\n    exit 1\nfi\n";
			showEnvVarsInLog = 0;
		};
		3AD52C1C8143651EBEE62204 /* [CP] Embed Pods Frameworks */ = {
			isa = PBXShellScriptBuildPhase;
			buildActionMask = 2147483647;
			files = (
			);
			inputPaths = (
			);
			name = "[CP] Embed Pods Frameworks";
			outputPaths = (
			);
			runOnlyForDeploymentPostprocessing = 0;
			shellPath = /bin/sh;
			shellScript = "\"${SRCROOT}/Pods/Target Support Files/Pods-TestSwaggerTests/Pods-TestSwaggerTests-frameworks.sh\"\n";
			showEnvVarsInLog = 0;
		};
		5F4AC6652E77712384336BDC /* [CP] Check Pods Manifest.lock */ = {
			isa = PBXShellScriptBuildPhase;
			buildActionMask = 2147483647;
			files = (
			);
			inputPaths = (
			);
			name = "[CP] Check Pods Manifest.lock";
			outputPaths = (
			);
			runOnlyForDeploymentPostprocessing = 0;
			shellPath = /bin/sh;
			shellScript = "diff \"${PODS_ROOT}/../Podfile.lock\" \"${PODS_ROOT}/Manifest.lock\" > /dev/null\nif [ $? != 0 ] ; then\n    # print error to STDERR\n    echo \"error: The sandbox is not in sync with the Podfile.lock. Run 'pod install' or update your CocoaPods installation.\" >&2\n    exit 1\nfi\n";
			showEnvVarsInLog = 0;
		};
		89390720D792992A8F4D380E /* [CP] Copy Pods Resources */ = {
			isa = PBXShellScriptBuildPhase;
			buildActionMask = 2147483647;
			files = (
			);
			inputPaths = (
			);
			name = "[CP] Copy Pods Resources";
			outputPaths = (
			);
			runOnlyForDeploymentPostprocessing = 0;
			shellPath = /bin/sh;
			shellScript = "\"${SRCROOT}/Pods/Target Support Files/Pods-TestSwaggerTests/Pods-TestSwaggerTests-resources.sh\"\n";
			showEnvVarsInLog = 0;
		};
		9391CF2506B960A313A7AAC5 /* [CP] Copy Pods Resources */ = {
			isa = PBXShellScriptBuildPhase;
			buildActionMask = 2147483647;
			files = (
			);
			inputPaths = (
			);
			name = "[CP] Copy Pods Resources";
			outputPaths = (
			);
			runOnlyForDeploymentPostprocessing = 0;
			shellPath = /bin/sh;
			shellScript = "\"${SRCROOT}/Pods/Target Support Files/Pods-TestSwagger/Pods-TestSwagger-resources.sh\"\n";
			showEnvVarsInLog = 0;
		};
/* End PBXShellScriptBuildPhase section */

/* Begin PBXSourcesBuildPhase section */
		0AFFECDE1DFE256100D4409C /* Sources */ = {
			isa = PBXSourcesBuildPhase;
			buildActionMask = 2147483647;
			files = (
				0AFFED081DFE2CDF00D4409C /* Evidence.swift in Sources */,
				0AFFED061DFE2C1B00D4409C /* Spyable.swift in Sources */,
			);
			runOnlyForDeploymentPostprocessing = 0;
		};
		0AFFECE81DFE256100D4409C /* Sources */ = {
			isa = PBXSourcesBuildPhase;
			buildActionMask = 2147483647;
			files = (
				0AFFED021DFE269300D4409C /* SampleEvidence.swift in Sources */,
				0AFFECFF1DFE262100D4409C /* SpyablePersistedEvidenceTests.swift in Sources */,
				0AFFED041DFE277200D4409C /* SampleSpyable.swift in Sources */,
			);
			runOnlyForDeploymentPostprocessing = 0;
		};
/* End PBXSourcesBuildPhase section */

/* Begin PBXTargetDependency section */
		0AFFECEF1DFE256100D4409C /* PBXTargetDependency */ = {
			isa = PBXTargetDependency;
			target = 0AFFECE21DFE256100D4409C /* TestSwagger */;
			targetProxy = 0AFFECEE1DFE256100D4409C /* PBXContainerItemProxy */;
		};
/* End PBXTargetDependency section */

/* Begin XCBuildConfiguration section */
		0AFFECF51DFE256100D4409C /* Debug */ = {
			isa = XCBuildConfiguration;
			buildSettings = {
				ALWAYS_SEARCH_USER_PATHS = NO;
				CLANG_ANALYZER_NONNULL = YES;
				CLANG_CXX_LANGUAGE_STANDARD = "gnu++0x";
				CLANG_CXX_LIBRARY = "libc++";
				CLANG_ENABLE_MODULES = YES;
				CLANG_ENABLE_OBJC_ARC = YES;
				CLANG_WARN_BOOL_CONVERSION = YES;
				CLANG_WARN_CONSTANT_CONVERSION = YES;
				CLANG_WARN_DIRECT_OBJC_ISA_USAGE = YES_ERROR;
				CLANG_WARN_DOCUMENTATION_COMMENTS = YES;
				CLANG_WARN_EMPTY_BODY = YES;
				CLANG_WARN_ENUM_CONVERSION = YES;
				CLANG_WARN_INFINITE_RECURSION = YES;
				CLANG_WARN_INT_CONVERSION = YES;
				CLANG_WARN_OBJC_ROOT_CLASS = YES_ERROR;
				CLANG_WARN_SUSPICIOUS_MOVE = YES;
				CLANG_WARN_UNREACHABLE_CODE = YES;
				CLANG_WARN__DUPLICATE_METHOD_MATCH = YES;
				"CODE_SIGN_IDENTITY[sdk=iphoneos*]" = "iPhone Developer";
				COPY_PHASE_STRIP = NO;
				CURRENT_PROJECT_VERSION = 1;
				DEBUG_INFORMATION_FORMAT = dwarf;
				ENABLE_STRICT_OBJC_MSGSEND = YES;
				ENABLE_TESTABILITY = YES;
				GCC_C_LANGUAGE_STANDARD = gnu99;
				GCC_DYNAMIC_NO_PIC = NO;
				GCC_NO_COMMON_BLOCKS = YES;
				GCC_OPTIMIZATION_LEVEL = 0;
				GCC_PREPROCESSOR_DEFINITIONS = (
					"DEBUG=1",
					"$(inherited)",
				);
				GCC_WARN_64_TO_32_BIT_CONVERSION = YES;
				GCC_WARN_ABOUT_RETURN_TYPE = YES_ERROR;
				GCC_WARN_UNDECLARED_SELECTOR = YES;
				GCC_WARN_UNINITIALIZED_AUTOS = YES_AGGRESSIVE;
				GCC_WARN_UNUSED_FUNCTION = YES;
				GCC_WARN_UNUSED_VARIABLE = YES;
				IPHONEOS_DEPLOYMENT_TARGET = 8.0;
				MTL_ENABLE_DEBUG_INFO = YES;
				ONLY_ACTIVE_ARCH = YES;
				SDKROOT = iphoneos;
				SWIFT_ACTIVE_COMPILATION_CONDITIONS = DEBUG;
				SWIFT_OPTIMIZATION_LEVEL = "-Onone";
				TARGETED_DEVICE_FAMILY = "1,2";
				VERSIONING_SYSTEM = "apple-generic";
				VERSION_INFO_PREFIX = "";
			};
			name = Debug;
		};
		0AFFECF61DFE256100D4409C /* Release */ = {
			isa = XCBuildConfiguration;
			buildSettings = {
				ALWAYS_SEARCH_USER_PATHS = NO;
				CLANG_ANALYZER_NONNULL = YES;
				CLANG_CXX_LANGUAGE_STANDARD = "gnu++0x";
				CLANG_CXX_LIBRARY = "libc++";
				CLANG_ENABLE_MODULES = YES;
				CLANG_ENABLE_OBJC_ARC = YES;
				CLANG_WARN_BOOL_CONVERSION = YES;
				CLANG_WARN_CONSTANT_CONVERSION = YES;
				CLANG_WARN_DIRECT_OBJC_ISA_USAGE = YES_ERROR;
				CLANG_WARN_DOCUMENTATION_COMMENTS = YES;
				CLANG_WARN_EMPTY_BODY = YES;
				CLANG_WARN_ENUM_CONVERSION = YES;
				CLANG_WARN_INFINITE_RECURSION = YES;
				CLANG_WARN_INT_CONVERSION = YES;
				CLANG_WARN_OBJC_ROOT_CLASS = YES_ERROR;
				CLANG_WARN_SUSPICIOUS_MOVE = YES;
				CLANG_WARN_UNREACHABLE_CODE = YES;
				CLANG_WARN__DUPLICATE_METHOD_MATCH = YES;
				"CODE_SIGN_IDENTITY[sdk=iphoneos*]" = "iPhone Developer";
				COPY_PHASE_STRIP = NO;
				CURRENT_PROJECT_VERSION = 1;
				DEBUG_INFORMATION_FORMAT = "dwarf-with-dsym";
				ENABLE_NS_ASSERTIONS = NO;
				ENABLE_STRICT_OBJC_MSGSEND = YES;
				GCC_C_LANGUAGE_STANDARD = gnu99;
				GCC_NO_COMMON_BLOCKS = YES;
				GCC_WARN_64_TO_32_BIT_CONVERSION = YES;
				GCC_WARN_ABOUT_RETURN_TYPE = YES_ERROR;
				GCC_WARN_UNDECLARED_SELECTOR = YES;
				GCC_WARN_UNINITIALIZED_AUTOS = YES_AGGRESSIVE;
				GCC_WARN_UNUSED_FUNCTION = YES;
				GCC_WARN_UNUSED_VARIABLE = YES;
				IPHONEOS_DEPLOYMENT_TARGET = 8.0;
				MTL_ENABLE_DEBUG_INFO = NO;
				SDKROOT = iphoneos;
				SWIFT_OPTIMIZATION_LEVEL = "-Owholemodule";
				TARGETED_DEVICE_FAMILY = "1,2";
				VALIDATE_PRODUCT = YES;
				VERSIONING_SYSTEM = "apple-generic";
				VERSION_INFO_PREFIX = "";
			};
			name = Release;
		};
		0AFFECF81DFE256100D4409C /* Debug */ = {
			isa = XCBuildConfiguration;
			baseConfigurationReference = 5C492A81E67FD0E706DB1EB7 /* Pods-TestSwagger.debug.xcconfig */;
			buildSettings = {
				CLANG_ENABLE_MODULES = YES;
				CODE_SIGN_IDENTITY = "";
				DEFINES_MODULE = YES;
				DEVELOPMENT_TEAM = QW3T4F66DC;
				DYLIB_COMPATIBILITY_VERSION = 1;
				DYLIB_CURRENT_VERSION = 1;
				DYLIB_INSTALL_NAME_BASE = "@rpath";
				INFOPLIST_FILE = TestSwagger/Info.plist;
				INSTALL_PATH = "$(LOCAL_LIBRARY_DIR)/Frameworks";
				LD_RUNPATH_SEARCH_PATHS = "$(inherited) @executable_path/Frameworks @loader_path/Frameworks";
				PRODUCT_BUNDLE_IDENTIFIER = com.samodom.TestSwagger;
				PRODUCT_NAME = "$(TARGET_NAME)";
				SKIP_INSTALL = YES;
				SWIFT_OPTIMIZATION_LEVEL = "-Onone";
				SWIFT_VERSION = 3.0;
			};
			name = Debug;
		};
		0AFFECF91DFE256100D4409C /* Release */ = {
			isa = XCBuildConfiguration;
			baseConfigurationReference = E19EF86EE226C78CF15ACE86 /* Pods-TestSwagger.release.xcconfig */;
			buildSettings = {
				CLANG_ENABLE_MODULES = YES;
				CODE_SIGN_IDENTITY = "";
				DEFINES_MODULE = YES;
				DEVELOPMENT_TEAM = QW3T4F66DC;
				DYLIB_COMPATIBILITY_VERSION = 1;
				DYLIB_CURRENT_VERSION = 1;
				DYLIB_INSTALL_NAME_BASE = "@rpath";
				INFOPLIST_FILE = TestSwagger/Info.plist;
				INSTALL_PATH = "$(LOCAL_LIBRARY_DIR)/Frameworks";
				LD_RUNPATH_SEARCH_PATHS = "$(inherited) @executable_path/Frameworks @loader_path/Frameworks";
				PRODUCT_BUNDLE_IDENTIFIER = com.samodom.TestSwagger;
				PRODUCT_NAME = "$(TARGET_NAME)";
				SKIP_INSTALL = YES;
				SWIFT_VERSION = 3.0;
			};
			name = Release;
		};
		0AFFECFB1DFE256100D4409C /* Debug */ = {
			isa = XCBuildConfiguration;
			baseConfigurationReference = 9E0F95615598ADD59B3B9794 /* Pods-TestSwaggerTests.debug.xcconfig */;
			buildSettings = {
				ALWAYS_EMBED_SWIFT_STANDARD_LIBRARIES = YES;
				CLANG_ENABLE_MODULES = YES;
				DEVELOPMENT_TEAM = QW3T4F66DC;
				INFOPLIST_FILE = TestSwaggerTests/Info.plist;
				LD_RUNPATH_SEARCH_PATHS = "$(inherited) @executable_path/Frameworks @loader_path/Frameworks";
				PRODUCT_BUNDLE_IDENTIFIER = com.samodom.TestSwaggerTests;
				PRODUCT_NAME = "$(TARGET_NAME)";
				SWIFT_OPTIMIZATION_LEVEL = "-Onone";
				SWIFT_VERSION = 3.0;
			};
			name = Debug;
		};
		0AFFECFC1DFE256100D4409C /* Release */ = {
			isa = XCBuildConfiguration;
			baseConfigurationReference = 363BEA2DF5F25E8123A4FF62 /* Pods-TestSwaggerTests.release.xcconfig */;
			buildSettings = {
				ALWAYS_EMBED_SWIFT_STANDARD_LIBRARIES = YES;
				CLANG_ENABLE_MODULES = YES;
				DEVELOPMENT_TEAM = QW3T4F66DC;
				INFOPLIST_FILE = TestSwaggerTests/Info.plist;
				LD_RUNPATH_SEARCH_PATHS = "$(inherited) @executable_path/Frameworks @loader_path/Frameworks";
				PRODUCT_BUNDLE_IDENTIFIER = com.samodom.TestSwaggerTests;
				PRODUCT_NAME = "$(TARGET_NAME)";
				SWIFT_VERSION = 3.0;
			};
			name = Release;
		};
/* End XCBuildConfiguration section */

/* Begin XCConfigurationList section */
		0AFFECDD1DFE256100D4409C /* Build configuration list for PBXProject "TestSwagger" */ = {
			isa = XCConfigurationList;
			buildConfigurations = (
				0AFFECF51DFE256100D4409C /* Debug */,
				0AFFECF61DFE256100D4409C /* Release */,
			);
			defaultConfigurationIsVisible = 0;
			defaultConfigurationName = Release;
		};
		0AFFECF71DFE256100D4409C /* Build configuration list for PBXNativeTarget "TestSwagger" */ = {
			isa = XCConfigurationList;
			buildConfigurations = (
				0AFFECF81DFE256100D4409C /* Debug */,
				0AFFECF91DFE256100D4409C /* Release */,
			);
			defaultConfigurationIsVisible = 0;
			defaultConfigurationName = Release;
		};
		0AFFECFA1DFE256100D4409C /* Build configuration list for PBXNativeTarget "TestSwaggerTests" */ = {
			isa = XCConfigurationList;
			buildConfigurations = (
				0AFFECFB1DFE256100D4409C /* Debug */,
				0AFFECFC1DFE256100D4409C /* Release */,
			);
			defaultConfigurationIsVisible = 0;
			defaultConfigurationName = Release;
		};
/* End XCConfigurationList section */
	};
	rootObject = 0AFFECDA1DFE256100D4409C /* Project object */;
}
